{
  "name": "singleton-module",
  "version": "1.0.0",
  "lockfileVersion": 2,
  "requires": true,
  "packages": {
    "": {
      "name": "singleton-module",
      "version": "1.0.0",
      "license": "ISC",
      "dependencies": {
        "konnichiwa": "file:./konnichiwa"
      }
    },
    "konnichiwa": {
      "version": "1.0.0",
      "license": "ISC"
    },
    "node_modules/konnichiwa": {
      "resolved": "konnichiwa",
      "link": true
    }
  },
  "dependencies": {
    "konnichiwa": {
      "version": "file:konnichiwa"
    }
  }
}
